
Microsoft Visual Studio Solution File, Format Version 12.00
# Visual Studio 2013
VisualStudioVersion = 12.0.21005.1
MinimumVisualStudioVersion = 10.0.40219.1
Project("{FAE04EC0-301F-11D3-BF4B-00C04F79EFBC}") = "SPTypeScriptExtraSamples", "SPTypeScriptExtraSamples.csproj", "{A5AE45F6-2FEB-4163-8E64-C2E3A09C7933}"
EndProject
Global
	GlobalSection(SolutionConfigurationPlatforms) = preSolution
		Debug|Any CPU = Debug|Any CPU
		Release|Any CPU = Release|Any CPU
	EndGlobalSection
	GlobalSection(ProjectConfigurationPlatforms) = postSolution
		{A5AE45F6-2FEB-4163-8E64-C2E3A09C7933}.Debug|Any CPU.ActiveCfg = Debug|Any CPU
		{A5AE45F6-2FEB-4163-8E64-C2E3A09C7933}.Debug|Any CPU.Build.0 = Debug|Any CPU
		{A5AE45F6-2FEB-4163-8E64-C2E3A09C7933}.Debug|Any CPU.Deploy.0 = Debug|Any CPU
		{A5AE45F6-2FEB-4163-8E64-C2E3A09C7933}.Release|Any CPU.ActiveCfg = Release|Any CPU
		{A5AE45F6-2FEB-4163-8E64-C2E3A09C7933}.Release|Any CPU.Build.0 = Release|Any CPU
		{A5AE45F6-2FEB-4163-8E64-C2E3A09C7933}.Release|Any CPU.Deploy.0 = Release|Any CPU
	EndGlobalSection
	GlobalSection(SolutionProperties) = preSolution
		HideSolutionNode = FALSE
	EndGlobalSection
EndGlobal
